
Microsoft Visual Studio Solution File, Format Version 12.00
# Visual Studio 15
VisualStudioVersion = 15.0.27130.2036
MinimumVisualStudioVersion = 10.0.40219.1
Project("{FAE04EC0-301F-11D3-BF4B-00C04F79EFBC}") = "Business Layer", "Business Layer\Business Layer.csproj", "{0F740A16-910A-463A-BC0E-485AE682CBAB}"
EndProject
Project("{FAE04EC0-301F-11D3-BF4B-00C04F79EFBC}") = "Data Access Layer", "Data Access Layer\Data Access Layer.csproj", "{A9A8F76F-1743-402D-B9C5-88F5A0A34D0B}"
EndProject
Project("{FAE04EC0-301F-11D3-BF4B-00C04F79EFBC}") = "Shared", "Shared\Shared.csproj", "{96A3DA60-78A5-4B9A-8DF4-EA8A1ED70AB4}"
EndProject
Project("{FAE04EC0-301F-11D3-BF4B-00C04F79EFBC}") = "Presentation Layer", "Presentation Layer\Presentation Layer.csproj", "{334E133A-0F59-4075-B45D-FF977E7B1C2E}"
EndProject
Global
	GlobalSection(SolutionConfigurationPlatforms) = preSolution
		Debug|Any CPU = Debug|Any CPU
		Release|Any CPU = Release|Any CPU
	EndGlobalSection
	GlobalSection(ProjectConfigurationPlatforms) = postSolution
		{0F740A16-910A-463A-BC0E-485AE682CBAB}.Debug|Any CPU.ActiveCfg = Debug|Any CPU
		{0F740A16-910A-463A-BC0E-485AE682CBAB}.Debug|Any CPU.Build.0 = Debug|Any CPU
		{0F740A16-910A-463A-BC0E-485AE682CBAB}.Release|Any CPU.ActiveCfg = Release|Any CPU
		{0F740A16-910A-463A-BC0E-485AE682CBAB}.Release|Any CPU.Build.0 = Release|Any CPU
		{A9A8F76F-1743-402D-B9C5-88F5A0A34D0B}.Debug|Any CPU.ActiveCfg = Debug|Any CPU
		{A9A8F76F-1743-402D-B9C5-88F5A0A34D0B}.Debug|Any CPU.Build.0 = Debug|Any CPU
		{A9A8F76F-1743-402D-B9C5-88F5A0A34D0B}.Release|Any CPU.ActiveCfg = Release|Any CPU
		{A9A8F76F-1743-402D-B9C5-88F5A0A34D0B}.Release|Any CPU.Build.0 = Release|Any CPU
		{96A3DA60-78A5-4B9A-8DF4-EA8A1ED70AB4}.Debug|Any CPU.ActiveCfg = Debug|Any CPU
		{96A3DA60-78A5-4B9A-8DF4-EA8A1ED70AB4}.Debug|Any CPU.Build.0 = Debug|Any CPU
		{96A3DA60-78A5-4B9A-8DF4-EA8A1ED70AB4}.Release|Any CPU.ActiveCfg = Release|Any CPU
		{96A3DA60-78A5-4B9A-8DF4-EA8A1ED70AB4}.Release|Any CPU.Build.0 = Release|Any CPU
		{334E133A-0F59-4075-B45D-FF977E7B1C2E}.Debug|Any CPU.ActiveCfg = Debug|Any CPU
		{334E133A-0F59-4075-B45D-FF977E7B1C2E}.Debug|Any CPU.Build.0 = Debug|Any CPU
		{334E133A-0F59-4075-B45D-FF977E7B1C2E}.Release|Any CPU.ActiveCfg = Release|Any CPU
		{334E133A-0F59-4075-B45D-FF977E7B1C2E}.Release|Any CPU.Build.0 = Release|Any CPU
	EndGlobalSection
	GlobalSection(SolutionProperties) = preSolution
		HideSolutionNode = FALSE
	EndGlobalSection
	GlobalSection(ExtensibilityGlobals) = postSolution
		SolutionGuid = {CA2AB70C-ECBD-46E2-BB21-4276AC1C6CAE}
	EndGlobalSection
EndGlobal
